
Microsoft Visual Studio Solution File, Format Version 12.00
# Visual Studio 15
VisualStudioVersion = 15.0.28010.2026
MinimumVisualStudioVersion = 10.0.40219.1
Project("{FAE04EC0-301F-11D3-BF4B-00C04F79EFBC}") = "TrialProject", "TrialProject\TrialProject.csproj", "{2759AFA3-37AA-4FBB-A833-0E49A4B4F393}"
EndProject
Project("{FAE04EC0-301F-11D3-BF4B-00C04F79EFBC}") = "TrialProject.Tests", "TrialProject.Tests\TrialProject.Tests.csproj", "{30C5B405-15E9-4992-8103-EDC8C0168151}"
EndProject
Global
	GlobalSection(SolutionConfigurationPlatforms) = preSolution
		Debug|Any CPU = Debug|Any CPU
		Release|Any CPU = Release|Any CPU
	EndGlobalSection
	GlobalSection(ProjectConfigurationPlatforms) = postSolution
		{2759AFA3-37AA-4FBB-A833-0E49A4B4F393}.Debug|Any CPU.ActiveCfg = Debug|Any CPU
		{2759AFA3-37AA-4FBB-A833-0E49A4B4F393}.Debug|Any CPU.Build.0 = Debug|Any CPU
		{2759AFA3-37AA-4FBB-A833-0E49A4B4F393}.Release|Any CPU.ActiveCfg = Release|Any CPU
		{2759AFA3-37AA-4FBB-A833-0E49A4B4F393}.Release|Any CPU.Build.0 = Release|Any CPU
		{30C5B405-15E9-4992-8103-EDC8C0168151}.Debug|Any CPU.ActiveCfg = Debug|Any CPU
		{30C5B405-15E9-4992-8103-EDC8C0168151}.Debug|Any CPU.Build.0 = Debug|Any CPU
		{30C5B405-15E9-4992-8103-EDC8C0168151}.Release|Any CPU.ActiveCfg = Release|Any CPU
		{30C5B405-15E9-4992-8103-EDC8C0168151}.Release|Any CPU.Build.0 = Release|Any CPU
	EndGlobalSection
	GlobalSection(SolutionProperties) = preSolution
		HideSolutionNode = FALSE
	EndGlobalSection
	GlobalSection(ExtensibilityGlobals) = postSolution
		SolutionGuid = {B9D02F6B-7F2D-49E0-B3EA-A6EEE4CF708F}
	EndGlobalSection
EndGlobal
